
Microsoft Visual Studio Solution File, Format Version 12.00
# Visual Studio Version 17
VisualStudioVersion = 17.9.34714.143
MinimumVisualStudioVersion = 10.0.40219.1
Project("{9A19103F-16F7-4668-BE54-9A1E7A4F7556}") = "SeleniumWebDriver", "TestProject1\SeleniumWebDriver.csproj", "{BB7E8061-17F3-4121-A0EF-703F952D6D30}"
EndProject
Global
	GlobalSection(SolutionConfigurationPlatforms) = preSolution
		Debug|Any CPU = Debug|Any CPU
		Release|Any CPU = Release|Any CPU
	EndGlobalSection
	GlobalSection(ProjectConfigurationPlatforms) = postSolution
		{BB7E8061-17F3-4121-A0EF-703F952D6D30}.Debug|Any CPU.ActiveCfg = Debug|Any CPU
		{BB7E8061-17F3-4121-A0EF-703F952D6D30}.Debug|Any CPU.Build.0 = Debug|Any CPU
		{BB7E8061-17F3-4121-A0EF-703F952D6D30}.Release|Any CPU.ActiveCfg = Release|Any CPU
		{BB7E8061-17F3-4121-A0EF-703F952D6D30}.Release|Any CPU.Build.0 = Release|Any CPU
	EndGlobalSection
	GlobalSection(SolutionProperties) = preSolution
		HideSolutionNode = FALSE
	EndGlobalSection
	GlobalSection(ExtensibilityGlobals) = postSolution
		SolutionGuid = {F6FB6488-A2D8-4E29-9619-944CCF0A3285}
	EndGlobalSection
EndGlobal
